// !$*UTF8*$!
{
	archiveVersion = 1;
	classes = {
	};
	objectVersion = 56;
	objects = {

/* Begin PBXBuildFile section */
		F6F9B319291C0EA6007A10B4 /* AppDelegate.swift in Sources */ = {isa = PBXBuildFile; fileRef = F6F9B318291C0EA6007A10B4 /* AppDelegate.swift */; };
		F6F9B31B291C0EA6007A10B4 /* SceneDelegate.swift in Sources */ = {isa = PBXBuildFile; fileRef = F6F9B31A291C0EA6007A10B4 /* SceneDelegate.swift */; };
		F6F9B31D291C0EA6007A10B4 /* ViewController.swift in Sources */ = {isa = PBXBuildFile; fileRef = F6F9B31C291C0EA6007A10B4 /* ViewController.swift */; };
		F6F9B320291C0EA6007A10B4 /* Main.storyboard in Resources */ = {isa = PBXBuildFile; fileRef = F6F9B31E291C0EA6007A10B4 /* Main.storyboard */; };
		F6F9B322291C0EA7007A10B4 /* Assets.xcassets in Resources */ = {isa = PBXBuildFile; fileRef = F6F9B321291C0EA7007A10B4 /* Assets.xcassets */; };
		F6F9B325291C0EA7007A10B4 /* LaunchScreen.storyboard in Resources */ = {isa = PBXBuildFile; fileRef = F6F9B323291C0EA7007A10B4 /* LaunchScreen.storyboard */; };
		F6F9B333291C0F2F007A10B4 /* CombineTests.swift in Sources */ = {isa = PBXBuildFile; fileRef = F6F9B332291C0F2F007A10B4 /* CombineTests.swift */; };
/* End PBXBuildFile section */

/* Begin PBXContainerItemProxy section */
		F6F9B334291C0F2F007A10B4 /* PBXContainerItemProxy */ = {
			isa = PBXContainerItemProxy;
			containerPortal = F6F9B30D291C0EA6007A10B4 /* Project object */;
			proxyType = 1;
			remoteGlobalIDString = F6F9B314291C0EA6007A10B4;
			remoteInfo = "Unit tests with Combine ViewModel";
		};
/* End PBXContainerItemProxy section */

/* Begin PBXFileReference section */
		F6F9B315291C0EA6007A10B4 /* Unit tests with Combine ViewModel.app */ = {isa = PBXFileReference; explicitFileType = wrapper.application; includeInIndex = 0; path = "Unit tests with Combine ViewModel.app"; sourceTree = BUILT_PRODUCTS_DIR; };
		F6F9B318291C0EA6007A10B4 /* AppDelegate.swift */ = {isa = PBXFileReference; lastKnownFileType = sourcecode.swift; path = AppDelegate.swift; sourceTree = "<group>"; };
		F6F9B31A291C0EA6007A10B4 /* SceneDelegate.swift */ = {isa = PBXFileReference; lastKnownFileType = sourcecode.swift; path = SceneDelegate.swift; sourceTree = "<group>"; };
		F6F9B31C291C0EA6007A10B4 /* ViewController.swift */ = {isa = PBXFileReference; lastKnownFileType = sourcecode.swift; path = ViewController.swift; sourceTree = "<group>"; };
		F6F9B31F291C0EA6007A10B4 /* Base */ = {isa = PBXFileReference; lastKnownFileType = file.storyboard; name = Base; path = Base.lproj/Main.storyboard; sourceTree = "<group>"; };
		F6F9B321291C0EA7007A10B4 /* Assets.xcassets */ = {isa = PBXFileReference; lastKnownFileType = folder.assetcatalog; path = Assets.xcassets; sourceTree = "<group>"; };
		F6F9B324291C0EA7007A10B4 /* Base */ = {isa = PBXFileReference; lastKnownFileType = file.storyboard; name = Base; path = Base.lproj/LaunchScreen.storyboard; sourceTree = "<group>"; };
		F6F9B326291C0EA7007A10B4 /* Info.plist */ = {isa = PBXFileReference; lastKnownFileType = text.plist.xml; path = Info.plist; sourceTree = "<group>"; };
		F6F9B330291C0F2F007A10B4 /* Unit tests with Combine ViewModelTests.xctest */ = {isa = PBXFileReference; explicitFileType = wrapper.cfbundle; includeInIndex = 0; path = "Unit tests with Combine ViewModelTests.xctest"; sourceTree = BUILT_PRODUCTS_DIR; };
		F6F9B332291C0F2F007A10B4 /* CombineTests.swift */ = {isa = PBXFileReference; lastKnownFileType = sourcecode.swift; path = CombineTests.swift; sourceTree = "<group>"; };
/* End PBXFileReference section */

/* Begin PBXFrameworksBuildPhase section */
		F6F9B312291C0EA6007A10B4 /* Frameworks */ = {
			isa = PBXFrameworksBuildPhase;
			buildActionMask = 2147483647;
			files = (
			);
			runOnlyForDeploymentPostprocessing = 0;
		};
		F6F9B32D291C0F2F007A10B4 /* Frameworks */ = {
			isa = PBXFrameworksBuildPhase;
			buildActionMask = 2147483647;
			files = (
			);
			runOnlyForDeploymentPostprocessing = 0;
		};
/* End PBXFrameworksBuildPhase section */

/* Begin PBXGroup section */
		F6F9B30C291C0EA6007A10B4 = {
			isa = PBXGroup;
			children = (
				F6F9B317291C0EA6007A10B4 /* Unit tests with Combine ViewModel */,
				F6F9B331291C0F2F007A10B4 /* Combine */,
				F6F9B316291C0EA6007A10B4 /* Products */,
			);
			sourceTree = "<group>";
		};
		F6F9B316291C0EA6007A10B4 /* Products */ = {
			isa = PBXGroup;
			children = (
				F6F9B315291C0EA6007A10B4 /* Unit tests with Combine ViewModel.app */,
				F6F9B330291C0F2F007A10B4 /* Unit tests with Combine ViewModelTests.xctest */,
			);
			name = Products;
			sourceTree = "<group>";
		};
		F6F9B317291C0EA6007A10B4 /* Unit tests with Combine ViewModel */ = {
			isa = PBXGroup;
			children = (
				F6F9B318291C0EA6007A10B4 /* AppDelegate.swift */,
				F6F9B31A291C0EA6007A10B4 /* SceneDelegate.swift */,
				F6F9B31C291C0EA6007A10B4 /* ViewController.swift */,
				F6F9B31E291C0EA6007A10B4 /* Main.storyboard */,
				F6F9B321291C0EA7007A10B4 /* Assets.xcassets */,
				F6F9B323291C0EA7007A10B4 /* LaunchScreen.storyboard */,
				F6F9B326291C0EA7007A10B4 /* Info.plist */,
			);
			path = "Unit tests with Combine ViewModel";
			sourceTree = "<group>";
		};
		F6F9B331291C0F2F007A10B4 /* Combine */ = {
			isa = PBXGroup;
			children = (
				F6F9B332291C0F2F007A10B4 /* CombineTests.swift */,
			);
			path = Combine;
			sourceTree = "<group>";
		};
/* End PBXGroup section */

/* Begin PBXNativeTarget section */
		F6F9B314291C0EA6007A10B4 /* Unit tests with Combine ViewModel */ = {
			isa = PBXNativeTarget;
			buildConfigurationList = F6F9B329291C0EA7007A10B4 /* Build configuration list for PBXNativeTarget "Unit tests with Combine ViewModel" */;
			buildPhases = (
				F6F9B311291C0EA6007A10B4 /* Sources */,
				F6F9B312291C0EA6007A10B4 /* Frameworks */,
				F6F9B313291C0EA6007A10B4 /* Resources */,
			);
			buildRules = (
			);
			dependencies = (
			);
			name = "Unit tests with Combine ViewModel";
			productName = "Unit tests with Combine ViewModel";
			productReference = F6F9B315291C0EA6007A10B4 /* Unit tests with Combine ViewModel.app */;
			productType = "com.apple.product-type.application";
		};
		F6F9B32F291C0F2F007A10B4 /* Unit tests with Combine ViewModelTests */ = {
			isa = PBXNativeTarget;
			buildConfigurationList = F6F9B338291C0F2F007A10B4 /* Build configuration list for PBXNativeTarget "Unit tests with Combine ViewModelTests" */;
			buildPhases = (
				F6F9B32C291C0F2F007A10B4 /* Sources */,
				F6F9B32D291C0F2F007A10B4 /* Frameworks */,
				F6F9B32E291C0F2F007A10B4 /* Resources */,
			);
			buildRules = (
			);
			dependencies = (
				F6F9B335291C0F2F007A10B4 /* PBXTargetDependency */,
			);
			name = "Unit tests with Combine ViewModelTests";
			productName = "Unit tests with Combine ViewModelTests";
			productReference = F6F9B330291C0F2F007A10B4 /* Unit tests with Combine ViewModelTests.xctest */;
			productType = "com.apple.product-type.bundle.unit-test";
		};
/* End PBXNativeTarget section */

/* Begin PBXProject section */
		F6F9B30D291C0EA6007A10B4 /* Project object */ = {
			isa = PBXProject;
			attributes = {
				BuildIndependentTargetsInParallel = 1;
				LastSwiftUpdateCheck = 1400;
				LastUpgradeCheck = 1400;
				TargetAttributes = {
					F6F9B314291C0EA6007A10B4 = {
						CreatedOnToolsVersion = 14.0.1;
					};
					F6F9B32F291C0F2F007A10B4 = {
						CreatedOnToolsVersion = 14.0.1;
						TestTargetID = F6F9B314291C0EA6007A10B4;
					};
				};
			};
			buildConfigurationList = F6F9B310291C0EA6007A10B4 /* Build configuration list for PBXProject "Unit tests with Combine ViewModel" */;
			compatibilityVersion = "Xcode 14.0";
			developmentRegion = en;
			hasScannedForEncodings = 0;
			knownRegions = (
				en,
				Base,
			);
			mainGroup = F6F9B30C291C0EA6007A10B4;
			productRefGroup = F6F9B316291C0EA6007A10B4 /* Products */;
			projectDirPath = "";
			projectRoot = "";
			targets = (
				F6F9B314291C0EA6007A10B4 /* Unit tests with Combine ViewModel */,
				F6F9B32F291C0F2F007A10B4 /* Unit tests with Combine ViewModelTests */,
			);
		};
/* End PBXProject section */

/* Begin PBXResourcesBuildPhase section */
		F6F9B313291C0EA6007A10B4 /* Resources */ = {
			isa = PBXResourcesBuildPhase;
			buildActionMask = 2147483647;
			files = (
				F6F9B325291C0EA7007A10B4 /* LaunchScreen.storyboard in Resources */,
				F6F9B322291C0EA7007A10B4 /* Assets.xcassets in Resources */,
				F6F9B320291C0EA6007A10B4 /* Main.storyboard in Resources */,
			);
			runOnlyForDeploymentPostprocessing = 0;
		};
		F6F9B32E291C0F2F007A10B4 /* Resources */ = {
			isa = PBXResourcesBuildPhase;
			buildActionMask = 2147483647;
			files = (
			);
			runOnlyForDeploymentPostprocessing = 0;
		};
/* End PBXResourcesBuildPhase section */

/* Begin PBXSourcesBuildPhase section */
		F6F9B311291C0EA6007A10B4 /* Sources */ = {
			isa = PBXSourcesBuildPhase;
			buildActionMask = 2147483647;
			files = (
				F6F9B31D291C0EA6007A10B4 /* ViewController.swift in Sources */,
				F6F9B319291C0EA6007A10B4 /* AppDelegate.swift in Sources */,
				F6F9B31B291C0EA6007A10B4 /* SceneDelegate.swift in Sources */,
			);
			runOnlyForDeploymentPostprocessing = 0;
		};
		F6F9B32C291C0F2F007A10B4 /* Sources */ = {
			isa = PBXSourcesBuildPhase;
			buildActionMask = 2147483647;
			files = (
				F6F9B333291C0F2F007A10B4 /* CombineTests.swift in Sources */,
			);
			runOnlyForDeploymentPostprocessing = 0;
		};
/* End PBXSourcesBuildPhase section */

/* Begin PBXTargetDependency section */
		F6F9B335291C0F2F007A10B4 /* PBXTargetDependency */ = {
			isa = PBXTargetDependency;
			target = F6F9B314291C0EA6007A10B4 /* Unit tests with Combine ViewModel */;
			targetProxy = F6F9B334291C0F2F007A10B4 /* PBXContainerItemProxy */;
		};
/* End PBXTargetDependency section */

/* Begin PBXVariantGroup section */
		F6F9B31E291C0EA6007A10B4 /* Main.storyboard */ = {
			isa = PBXVariantGroup;
			children = (
				F6F9B31F291C0EA6007A10B4 /* Base */,
			);
			name = Main.storyboard;
			sourceTree = "<group>";
		};
		F6F9B323291C0EA7007A10B4 /* LaunchScreen.storyboard */ = {
			isa = PBXVariantGroup;
			children = (
				F6F9B324291C0EA7007A10B4 /* Base */,
			);
			name = LaunchScreen.storyboard;
			sourceTree = "<group>";
		};
/* End PBXVariantGroup section */

/* Begin XCBuildConfiguration section */
		F6F9B327291C0EA7007A10B4 /* Debug */ = {
			isa = XCBuildConfiguration;
			buildSettings = {
				ALWAYS_SEARCH_USER_PATHS = NO;
				CLANG_ANALYZER_NONNULL = YES;
				CLANG_ANALYZER_NUMBER_OBJECT_CONVERSION = YES_AGGRESSIVE;
				CLANG_CXX_LANGUAGE_STANDARD = "gnu++20";
				CLANG_ENABLE_MODULES = YES;
				CLANG_ENABLE_OBJC_ARC = YES;
				CLANG_ENABLE_OBJC_WEAK = YES;
				CLANG_WARN_BLOCK_CAPTURE_AUTORELEASING = YES;
				CLANG_WARN_BOOL_CONVERSION = YES;
				CLANG_WARN_COMMA = YES;
				CLANG_WARN_CONSTANT_CONVERSION = YES;
				CLANG_WARN_DEPRECATED_OBJC_IMPLEMENTATIONS = YES;
				CLANG_WARN_DIRECT_OBJC_ISA_USAGE = YES_ERROR;
				CLANG_WARN_DOCUMENTATION_COMMENTS = YES;
				CLANG_WARN_EMPTY_BODY = YES;
				CLANG_WARN_ENUM_CONVERSION = YES;
				CLANG_WARN_INFINITE_RECURSION = YES;
				CLANG_WARN_INT_CONVERSION = YES;
				CLANG_WARN_NON_LITERAL_NULL_CONVERSION = YES;
				CLANG_WARN_OBJC_IMPLICIT_RETAIN_SELF = YES;
				CLANG_WARN_OBJC_LITERAL_CONVERSION = YES;
				CLANG_WARN_OBJC_ROOT_CLASS = YES_ERROR;
				CLANG_WARN_QUOTED_INCLUDE_IN_FRAMEWORK_HEADER = YES;
				CLANG_WARN_RANGE_LOOP_ANALYSIS = YES;
				CLANG_WARN_STRICT_PROTOTYPES = YES;
				CLANG_WARN_SUSPICIOUS_MOVE = YES;
				CLANG_WARN_UNGUARDED_AVAILABILITY = YES_AGGRESSIVE;
				CLANG_WARN_UNREACHABLE_CODE = YES;
				CLANG_WARN__DUPLICATE_METHOD_MATCH = YES;
				COPY_PHASE_STRIP = NO;
				DEBUG_INFORMATION_FORMAT = dwarf;
				ENABLE_STRICT_OBJC_MSGSEND = YES;
				ENABLE_TESTABILITY = YES;
				GCC_C_LANGUAGE_STANDARD = gnu11;
				GCC_DYNAMIC_NO_PIC = NO;
				GCC_NO_COMMON_BLOCKS = YES;
				GCC_OPTIMIZATION_LEVEL = 0;
				GCC_PREPROCESSOR_DEFINITIONS = (
					"DEBUG=1",
					"$(inherited)",
				);
				GCC_WARN_64_TO_32_BIT_CONVERSION = YES;
				GCC_WARN_ABOUT_RETURN_TYPE = YES_ERROR;
				GCC_WARN_UNDECLARED_SELECTOR = YES;
				GCC_WARN_UNINITIALIZED_AUTOS = YES_AGGRESSIVE;
				GCC_WARN_UNUSED_FUNCTION = YES;
				GCC_WARN_UNUSED_VARIABLE = YES;
				IPHONEOS_DEPLOYMENT_TARGET = 14.0;
				MTL_ENABLE_DEBUG_INFO = INCLUDE_SOURCE;
				MTL_FAST_MATH = YES;
				ONLY_ACTIVE_ARCH = YES;
				SDKROOT = iphoneos;
				SWIFT_ACTIVE_COMPILATION_CONDITIONS = DEBUG;
				SWIFT_OPTIMIZATION_LEVEL = "-Onone";
			};
			name = Debug;
		};
		F6F9B328291C0EA7007A10B4 /* Release */ = {
			isa = XCBuildConfiguration;
			buildSettings = {
				ALWAYS_SEARCH_USER_PATHS = NO;
				CLANG_ANALYZER_NONNULL = YES;
				CLANG_ANALYZER_NUMBER_OBJECT_CONVERSION = YES_AGGRESSIVE;
				CLANG_CXX_LANGUAGE_STANDARD = "gnu++20";
				CLANG_ENABLE_MODULES = YES;
				CLANG_ENABLE_OBJC_ARC = YES;
				CLANG_ENABLE_OBJC_WEAK = YES;
				CLANG_WARN_BLOCK_CAPTURE_AUTORELEASING = YES;
				CLANG_WARN_BOOL_CONVERSION = YES;
				CLANG_WARN_COMMA = YES;
				CLANG_WARN_CONSTANT_CONVERSION = YES;
				CLANG_WARN_DEPRECATED_OBJC_IMPLEMENTATIONS = YES;
				CLANG_WARN_DIRECT_OBJC_ISA_USAGE = YES_ERROR;
				CLANG_WARN_DOCUMENTATION_COMMENTS = YES;
				CLANG_WARN_EMPTY_BODY = YES;
				CLANG_WARN_ENUM_CONVERSION = YES;
				CLANG_WARN_INFINITE_RECURSION = YES;
				CLANG_WARN_INT_CONVERSION = YES;
				CLANG_WARN_NON_LITERAL_NULL_CONVERSION = YES;
				CLANG_WARN_OBJC_IMPLICIT_RETAIN_SELF = YES;
				CLANG_WARN_OBJC_LITERAL_CONVERSION = YES;
				CLANG_WARN_OBJC_ROOT_CLASS = YES_ERROR;
				CLANG_WARN_QUOTED_INCLUDE_IN_FRAMEWORK_HEADER = YES;
				CLANG_WARN_RANGE_LOOP_ANALYSIS = YES;
				CLANG_WARN_STRICT_PROTOTYPES = YES;
				CLANG_WARN_SUSPICIOUS_MOVE = YES;
				CLANG_WARN_UNGUARDED_AVAILABILITY = YES_AGGRESSIVE;
				CLANG_WARN_UNREACHABLE_CODE = YES;
				CLANG_WARN__DUPLICATE_METHOD_MATCH = YES;
				COPY_PHASE_STRIP = NO;
				DEBUG_INFORMATION_FORMAT = "dwarf-with-dsym";
				ENABLE_NS_ASSERTIONS = NO;
				ENABLE_STRICT_OBJC_MSGSEND = YES;
				GCC_C_LANGUAGE_STANDARD = gnu11;
				GCC_NO_COMMON_BLOCKS = YES;
				GCC_WARN_64_TO_32_BIT_CONVERSION = YES;
				GCC_WARN_ABOUT_RETURN_TYPE = YES_ERROR;
				GCC_WARN_UNDECLARED_SELECTOR = YES;
				GCC_WARN_UNINITIALIZED_AUTOS = YES_AGGRESSIVE;
				GCC_WARN_UNUSED_FUNCTION = YES;
				GCC_WARN_UNUSED_VARIABLE = YES;
				IPHONEOS_DEPLOYMENT_TARGET = 14.0;
				MTL_ENABLE_DEBUG_INFO = NO;
				MTL_FAST_MATH = YES;
				SDKROOT = iphoneos;
				SWIFT_COMPILATION_MODE = wholemodule;
				SWIFT_OPTIMIZATION_LEVEL = "-O";
				VALIDATE_PRODUCT = YES;
			};
			name = Release;
		};
		F6F9B32A291C0EA7007A10B4 /* Debug */ = {
			isa = XCBuildConfiguration;
			buildSettings = {
				ASSETCATALOG_COMPILER_APPICON_NAME = AppIcon;
				ASSETCATALOG_COMPILER_GLOBAL_ACCENT_COLOR_NAME = AccentColor;
				CODE_SIGN_STYLE = Automatic;
				CURRENT_PROJECT_VERSION = 1;
				DEVELOPMENT_TEAM = S23LM2WU5J;
				GENERATE_INFOPLIST_FILE = YES;
				INFOPLIST_FILE = "Unit tests with Combine ViewModel/Info.plist";
				INFOPLIST_KEY_UIApplicationSupportsIndirectInputEvents = YES;
				INFOPLIST_KEY_UILaunchStoryboardName = LaunchScreen;
				INFOPLIST_KEY_UIMainStoryboardFile = Main;
				INFOPLIST_KEY_UISupportedInterfaceOrientations_iPad = "UIInterfaceOrientationPortrait UIInterfaceOrientationPortraitUpsideDown UIInterfaceOrientationLandscapeLeft UIInterfaceOrientationLandscapeRight";
				INFOPLIST_KEY_UISupportedInterfaceOrientations_iPhone = "UIInterfaceOrientationPortrait UIInterfaceOrientationLandscapeLeft UIInterfaceOrientationLandscapeRight";
				IPHONEOS_DEPLOYMENT_TARGET = 14.0;
				LD_RUNPATH_SEARCH_PATHS = (
					"$(inherited)",
					"@executable_path/Frameworks",
				);
				MARKETING_VERSION = 1.0;
				PRODUCT_BUNDLE_IDENTIFIER = "com.alancasasarevalo-gmail.Unit-tests-with-Combine-ViewModel";
				PRODUCT_NAME = "$(TARGET_NAME)";
				SWIFT_EMIT_LOC_STRINGS = YES;
				SWIFT_VERSION = 5.0;
				TARGETED_DEVICE_FAMILY = "1,2";
			};
			name = Debug;
		};
		F6F9B32B291C0EA7007A10B4 /* Release */ = {
			isa = XCBuildConfiguration;
			buildSettings = {
				ASSETCATALOG_COMPILER_APPICON_NAME = AppIcon;
				ASSETCATALOG_COMPILER_GLOBAL_ACCENT_COLOR_NAME = AccentColor;
				CODE_SIGN_STYLE = Automatic;
				CURRENT_PROJECT_VERSION = 1;
				DEVELOPMENT_TEAM = S23LM2WU5J;
				GENERATE_INFOPLIST_FILE = YES;
				INFOPLIST_FILE = "Unit tests with Combine ViewModel/Info.plist";
				INFOPLIST_KEY_UIApplicationSupportsIndirectInputEvents = YES;
				INFOPLIST_KEY_UILaunchStoryboardName = LaunchScreen;
				INFOPLIST_KEY_UIMainStoryboardFile = Main;
				INFOPLIST_KEY_UISupportedInterfaceOrientations_iPad = "UIInterfaceOrientationPortrait UIInterfaceOrientationPortraitUpsideDown UIInterfaceOrientationLandscapeLeft UIInterfaceOrientationLandscapeRight";
				INFOPLIST_KEY_UISupportedInterfaceOrientations_iPhone = "UIInterfaceOrientationPortrait UIInterfaceOrientationLandscapeLeft UIInterfaceOrientationLandscapeRight";
				IPHONEOS_DEPLOYMENT_TARGET = 14.0;
				LD_RUNPATH_SEARCH_PATHS = (
					"$(inherited)",
					"@executable_path/Frameworks",
				);
				MARKETING_VERSION = 1.0;
				PRODUCT_BUNDLE_IDENTIFIER = "com.alancasasarevalo-gmail.Unit-tests-with-Combine-ViewModel";
				PRODUCT_NAME = "$(TARGET_NAME)";
				SWIFT_EMIT_LOC_STRINGS = YES;
				SWIFT_VERSION = 5.0;
				TARGETED_DEVICE_FAMILY = "1,2";
			};
			name = Release;
		};
		F6F9B336291C0F2F007A10B4 /* Debug */ = {
			isa = XCBuildConfiguration;
			buildSettings = {
				BUNDLE_LOADER = "$(TEST_HOST)";
				CODE_SIGN_STYLE = Automatic;
				CURRENT_PROJECT_VERSION = 1;
				DEVELOPMENT_TEAM = S23LM2WU5J;
				GENERATE_INFOPLIST_FILE = YES;
				IPHONEOS_DEPLOYMENT_TARGET = 14.0;
				MARKETING_VERSION = 1.0;
				PRODUCT_BUNDLE_IDENTIFIER = "com.alancasasarevalo-gmail.Unit-tests-with-Combine-ViewModelTests";
				PRODUCT_NAME = "$(TARGET_NAME)";
				SWIFT_EMIT_LOC_STRINGS = NO;
				SWIFT_VERSION = 5.0;
				TARGETED_DEVICE_FAMILY = "1,2";
				TEST_HOST = "$(BUILT_PRODUCTS_DIR)/Unit tests with Combine ViewModel.app/$(BUNDLE_EXECUTABLE_FOLDER_PATH)/Unit tests with Combine ViewModel";
			};
			name = Debug;
		};
		F6F9B337291C0F2F007A10B4 /* Release */ = {
			isa = XCBuildConfiguration;
			buildSettings = {
				BUNDLE_LOADER = "$(TEST_HOST)";
				CODE_SIGN_STYLE = Automatic;
				CURRENT_PROJECT_VERSION = 1;
				DEVELOPMENT_TEAM = S23LM2WU5J;
				GENERATE_INFOPLIST_FILE = YES;
				IPHONEOS_DEPLOYMENT_TARGET = 14.0;
				MARKETING_VERSION = 1.0;
				PRODUCT_BUNDLE_IDENTIFIER = "com.alancasasarevalo-gmail.Unit-tests-with-Combine-ViewModelTests";
				PRODUCT_NAME = "$(TARGET_NAME)";
				SWIFT_EMIT_LOC_STRINGS = NO;
				SWIFT_VERSION = 5.0;
				TARGETED_DEVICE_FAMILY = "1,2";
				TEST_HOST = "$(BUILT_PRODUCTS_DIR)/Unit tests with Combine ViewModel.app/$(BUNDLE_EXECUTABLE_FOLDER_PATH)/Unit tests with Combine ViewModel";
			};
			name = Release;
		};
/* End XCBuildConfiguration section */

/* Begin XCConfigurationList section */
		F6F9B310291C0EA6007A10B4 /* Build configuration list for PBXProject "Unit tests with Combine ViewModel" */ = {
			isa = XCConfigurationList;
			buildConfigurations = (
				F6F9B327291C0EA7007A10B4 /* Debug */,
				F6F9B328291C0EA7007A10B4 /* Release */,
			);
			defaultConfigurationIsVisible = 0;
			defaultConfigurationName = Release;
		};
		F6F9B329291C0EA7007A10B4 /* Build configuration list for PBXNativeTarget "Unit tests with Combine ViewModel" */ = {
			isa = XCConfigurationList;
			buildConfigurations = (
				F6F9B32A291C0EA7007A10B4 /* Debug */,
				F6F9B32B291C0EA7007A10B4 /* Release */,
			);
			defaultConfigurationIsVisible = 0;
			defaultConfigurationName = Release;
		};
		F6F9B338291C0F2F007A10B4 /* Build configuration list for PBXNativeTarget "Unit tests with Combine ViewModelTests" */ = {
			isa = XCConfigurationList;
			buildConfigurations = (
				F6F9B336291C0F2F007A10B4 /* Debug */,
				F6F9B337291C0F2F007A10B4 /* Release */,
			);
			defaultConfigurationIsVisible = 0;
			defaultConfigurationName = Release;
		};
/* End XCConfigurationList section */
	};
	rootObject = F6F9B30D291C0EA6007A10B4 /* Project object */;
}
